
Microsoft Visual Studio Solution File, Format Version 12.00
# Visual Studio Version 17
VisualStudioVersion = 17.11.35327.3
MinimumVisualStudioVersion = 10.0.40219.1
Project("{FAE04EC0-301F-11D3-BF4B-00C04F79EFBC}") = "DeliveryMaster", "DeliveryMaster\DeliveryMaster.csproj", "{417BC13C-42FC-487A-AF64-1D6FBAB2FF4E}"
EndProject
Global
	GlobalSection(SolutionConfigurationPlatforms) = preSolution
		Debug|Any CPU = Debug|Any CPU
		Release|Any CPU = Release|Any CPU
	EndGlobalSection
	GlobalSection(ProjectConfigurationPlatforms) = postSolution
		{417BC13C-42FC-487A-AF64-1D6FBAB2FF4E}.Debug|Any CPU.ActiveCfg = Debug|Any CPU
		{417BC13C-42FC-487A-AF64-1D6FBAB2FF4E}.Debug|Any CPU.Build.0 = Debug|Any CPU
		{417BC13C-42FC-487A-AF64-1D6FBAB2FF4E}.Release|Any CPU.ActiveCfg = Release|Any CPU
		{417BC13C-42FC-487A-AF64-1D6FBAB2FF4E}.Release|Any CPU.Build.0 = Release|Any CPU
	EndGlobalSection
	GlobalSection(SolutionProperties) = preSolution
		HideSolutionNode = FALSE
	EndGlobalSection
	GlobalSection(ExtensibilityGlobals) = postSolution
		SolutionGuid = {3678C126-17EA-4AF5-BBB9-5ECDECADFB33}
	EndGlobalSection
EndGlobal
